
Microsoft Visual Studio Solution File, Format Version 12.00
# Visual Studio Version 16
VisualStudioVersion = 16.0.30114.105
MinimumVisualStudioVersion = 10.0.40219.1
Project("{2150E333-8FDC-42A3-9474-1A3956D46DE8}") = "src", "src", "{95311C2A-E27D-4A16-BDCA-8AA5D9BF87CE}"
EndProject
Project("{FAE04EC0-301F-11D3-BF4B-00C04F79EFBC}") = "BrightPeeps.Core", "src\BrightPeeps.Core\BrightPeeps.Core.csproj", "{CA636BC3-F088-454E-9155-EE2A745F5E93}"
EndProject
Project("{FAE04EC0-301F-11D3-BF4B-00C04F79EFBC}") = "BrightPeeps.Api", "src\BrightPeeps.Api\BrightPeeps.Api.csproj", "{D306E162-ADF7-4492-A8FC-95C4486518EB}"
EndProject
Project("{FAE04EC0-301F-11D3-BF4B-00C04F79EFBC}") = "BrightPeeps.DataAccess.SqlServer", "src\BrightPeeps.DataAccess.SqlServer\BrightPeeps.DataAccess.SqlServer.csproj", "{77400839-B95D-459A-B504-AE70E587E177}"
EndProject
Global
	GlobalSection(SolutionConfigurationPlatforms) = preSolution
		Debug|Any CPU = Debug|Any CPU
		Debug|x64 = Debug|x64
		Debug|x86 = Debug|x86
		Release|Any CPU = Release|Any CPU
		Release|x64 = Release|x64
		Release|x86 = Release|x86
	EndGlobalSection
	GlobalSection(SolutionProperties) = preSolution
		HideSolutionNode = FALSE
	EndGlobalSection
	GlobalSection(ProjectConfigurationPlatforms) = postSolution
		{CA636BC3-F088-454E-9155-EE2A745F5E93}.Debug|Any CPU.ActiveCfg = Debug|Any CPU
		{CA636BC3-F088-454E-9155-EE2A745F5E93}.Debug|Any CPU.Build.0 = Debug|Any CPU
		{CA636BC3-F088-454E-9155-EE2A745F5E93}.Debug|x64.ActiveCfg = Debug|Any CPU
		{CA636BC3-F088-454E-9155-EE2A745F5E93}.Debug|x64.Build.0 = Debug|Any CPU
		{CA636BC3-F088-454E-9155-EE2A745F5E93}.Debug|x86.ActiveCfg = Debug|Any CPU
		{CA636BC3-F088-454E-9155-EE2A745F5E93}.Debug|x86.Build.0 = Debug|Any CPU
		{CA636BC3-F088-454E-9155-EE2A745F5E93}.Release|Any CPU.ActiveCfg = Release|Any CPU
		{CA636BC3-F088-454E-9155-EE2A745F5E93}.Release|Any CPU.Build.0 = Release|Any CPU
		{CA636BC3-F088-454E-9155-EE2A745F5E93}.Release|x64.ActiveCfg = Release|Any CPU
		{CA636BC3-F088-454E-9155-EE2A745F5E93}.Release|x64.Build.0 = Release|Any CPU
		{CA636BC3-F088-454E-9155-EE2A745F5E93}.Release|x86.ActiveCfg = Release|Any CPU
		{CA636BC3-F088-454E-9155-EE2A745F5E93}.Release|x86.Build.0 = Release|Any CPU
		{D306E162-ADF7-4492-A8FC-95C4486518EB}.Debug|Any CPU.ActiveCfg = Debug|Any CPU
		{D306E162-ADF7-4492-A8FC-95C4486518EB}.Debug|Any CPU.Build.0 = Debug|Any CPU
		{D306E162-ADF7-4492-A8FC-95C4486518EB}.Debug|x64.ActiveCfg = Debug|Any CPU
		{D306E162-ADF7-4492-A8FC-95C4486518EB}.Debug|x64.Build.0 = Debug|Any CPU
		{D306E162-ADF7-4492-A8FC-95C4486518EB}.Debug|x86.ActiveCfg = Debug|Any CPU
		{D306E162-ADF7-4492-A8FC-95C4486518EB}.Debug|x86.Build.0 = Debug|Any CPU
		{D306E162-ADF7-4492-A8FC-95C4486518EB}.Release|Any CPU.ActiveCfg = Release|Any CPU
		{D306E162-ADF7-4492-A8FC-95C4486518EB}.Release|Any CPU.Build.0 = Release|Any CPU
		{D306E162-ADF7-4492-A8FC-95C4486518EB}.Release|x64.ActiveCfg = Release|Any CPU
		{D306E162-ADF7-4492-A8FC-95C4486518EB}.Release|x64.Build.0 = Release|Any CPU
		{D306E162-ADF7-4492-A8FC-95C4486518EB}.Release|x86.ActiveCfg = Release|Any CPU
		{D306E162-ADF7-4492-A8FC-95C4486518EB}.Release|x86.Build.0 = Release|Any CPU
		{77400839-B95D-459A-B504-AE70E587E177}.Debug|Any CPU.ActiveCfg = Debug|Any CPU
		{77400839-B95D-459A-B504-AE70E587E177}.Debug|Any CPU.Build.0 = Debug|Any CPU
		{77400839-B95D-459A-B504-AE70E587E177}.Debug|x64.ActiveCfg = Debug|Any CPU
		{77400839-B95D-459A-B504-AE70E587E177}.Debug|x64.Build.0 = Debug|Any CPU
		{77400839-B95D-459A-B504-AE70E587E177}.Debug|x86.ActiveCfg = Debug|Any CPU
		{77400839-B95D-459A-B504-AE70E587E177}.Debug|x86.Build.0 = Debug|Any CPU
		{77400839-B95D-459A-B504-AE70E587E177}.Release|Any CPU.ActiveCfg = Release|Any CPU
		{77400839-B95D-459A-B504-AE70E587E177}.Release|Any CPU.Build.0 = Release|Any CPU
		{77400839-B95D-459A-B504-AE70E587E177}.Release|x64.ActiveCfg = Release|Any CPU
		{77400839-B95D-459A-B504-AE70E587E177}.Release|x64.Build.0 = Release|Any CPU
		{77400839-B95D-459A-B504-AE70E587E177}.Release|x86.ActiveCfg = Release|Any CPU
		{77400839-B95D-459A-B504-AE70E587E177}.Release|x86.Build.0 = Release|Any CPU
	EndGlobalSection
	GlobalSection(NestedProjects) = preSolution
		{CA636BC3-F088-454E-9155-EE2A745F5E93} = {95311C2A-E27D-4A16-BDCA-8AA5D9BF87CE}
		{D306E162-ADF7-4492-A8FC-95C4486518EB} = {95311C2A-E27D-4A16-BDCA-8AA5D9BF87CE}
		{77400839-B95D-459A-B504-AE70E587E177} = {95311C2A-E27D-4A16-BDCA-8AA5D9BF87CE}
	EndGlobalSection
EndGlobal
