
Microsoft Visual Studio Solution File, Format Version 12.00
# Visual Studio Version 16
VisualStudioVersion = 16.0.30114.105
MinimumVisualStudioVersion = 10.0.40219.1
Project("{FAE04EC0-301F-11D3-BF4B-00C04F79EFBC}") = "BrightPeeps.Core", "BrightPeeps.Core\BrightPeeps.Core.csproj", "{DC690D8C-7C59-4C64-A3FA-6E1F625CA0EA}"
EndProject
Project("{FAE04EC0-301F-11D3-BF4B-00C04F79EFBC}") = "BrightPeeps.Data.AzureSql", "BrightPeeps.Data.AzureSql\BrightPeeps.Data.AzureSql.csproj", "{CF9E5FF5-8468-4F70-ABEC-528036912D85}"
EndProject
Project("{FAE04EC0-301F-11D3-BF4B-00C04F79EFBC}") = "BrightPeeps.Data.LuceneSearch", "BrightPeeps.Data.LuceneSearch\BrightPeeps.Data.LuceneSearch.csproj", "{34E8A37F-1A06-41A4-813D-BB44725A30EE}"
EndProject
Project("{FAE04EC0-301F-11D3-BF4B-00C04F79EFBC}") = "BrightPeeps.Api", "BrightPeeps.Api\BrightPeeps.Api.csproj", "{49C79508-D243-4E0E-9B07-218752284FFD}"
EndProject
Global
	GlobalSection(SolutionConfigurationPlatforms) = preSolution
		Debug|Any CPU = Debug|Any CPU
		Debug|x64 = Debug|x64
		Debug|x86 = Debug|x86
		Release|Any CPU = Release|Any CPU
		Release|x64 = Release|x64
		Release|x86 = Release|x86
	EndGlobalSection
	GlobalSection(SolutionProperties) = preSolution
		HideSolutionNode = FALSE
	EndGlobalSection
	GlobalSection(ProjectConfigurationPlatforms) = postSolution
		{DC690D8C-7C59-4C64-A3FA-6E1F625CA0EA}.Debug|Any CPU.ActiveCfg = Debug|Any CPU
		{DC690D8C-7C59-4C64-A3FA-6E1F625CA0EA}.Debug|Any CPU.Build.0 = Debug|Any CPU
		{DC690D8C-7C59-4C64-A3FA-6E1F625CA0EA}.Debug|x64.ActiveCfg = Debug|Any CPU
		{DC690D8C-7C59-4C64-A3FA-6E1F625CA0EA}.Debug|x64.Build.0 = Debug|Any CPU
		{DC690D8C-7C59-4C64-A3FA-6E1F625CA0EA}.Debug|x86.ActiveCfg = Debug|Any CPU
		{DC690D8C-7C59-4C64-A3FA-6E1F625CA0EA}.Debug|x86.Build.0 = Debug|Any CPU
		{DC690D8C-7C59-4C64-A3FA-6E1F625CA0EA}.Release|Any CPU.ActiveCfg = Release|Any CPU
		{DC690D8C-7C59-4C64-A3FA-6E1F625CA0EA}.Release|Any CPU.Build.0 = Release|Any CPU
		{DC690D8C-7C59-4C64-A3FA-6E1F625CA0EA}.Release|x64.ActiveCfg = Release|Any CPU
		{DC690D8C-7C59-4C64-A3FA-6E1F625CA0EA}.Release|x64.Build.0 = Release|Any CPU
		{DC690D8C-7C59-4C64-A3FA-6E1F625CA0EA}.Release|x86.ActiveCfg = Release|Any CPU
		{DC690D8C-7C59-4C64-A3FA-6E1F625CA0EA}.Release|x86.Build.0 = Release|Any CPU
		{CF9E5FF5-8468-4F70-ABEC-528036912D85}.Debug|Any CPU.ActiveCfg = Debug|Any CPU
		{CF9E5FF5-8468-4F70-ABEC-528036912D85}.Debug|Any CPU.Build.0 = Debug|Any CPU
		{CF9E5FF5-8468-4F70-ABEC-528036912D85}.Debug|x64.ActiveCfg = Debug|Any CPU
		{CF9E5FF5-8468-4F70-ABEC-528036912D85}.Debug|x64.Build.0 = Debug|Any CPU
		{CF9E5FF5-8468-4F70-ABEC-528036912D85}.Debug|x86.ActiveCfg = Debug|Any CPU
		{CF9E5FF5-8468-4F70-ABEC-528036912D85}.Debug|x86.Build.0 = Debug|Any CPU
		{CF9E5FF5-8468-4F70-ABEC-528036912D85}.Release|Any CPU.ActiveCfg = Release|Any CPU
		{CF9E5FF5-8468-4F70-ABEC-528036912D85}.Release|Any CPU.Build.0 = Release|Any CPU
		{CF9E5FF5-8468-4F70-ABEC-528036912D85}.Release|x64.ActiveCfg = Release|Any CPU
		{CF9E5FF5-8468-4F70-ABEC-528036912D85}.Release|x64.Build.0 = Release|Any CPU
		{CF9E5FF5-8468-4F70-ABEC-528036912D85}.Release|x86.ActiveCfg = Release|Any CPU
		{CF9E5FF5-8468-4F70-ABEC-528036912D85}.Release|x86.Build.0 = Release|Any CPU
		{34E8A37F-1A06-41A4-813D-BB44725A30EE}.Debug|Any CPU.ActiveCfg = Debug|Any CPU
		{34E8A37F-1A06-41A4-813D-BB44725A30EE}.Debug|Any CPU.Build.0 = Debug|Any CPU
		{34E8A37F-1A06-41A4-813D-BB44725A30EE}.Debug|x64.ActiveCfg = Debug|Any CPU
		{34E8A37F-1A06-41A4-813D-BB44725A30EE}.Debug|x64.Build.0 = Debug|Any CPU
		{34E8A37F-1A06-41A4-813D-BB44725A30EE}.Debug|x86.ActiveCfg = Debug|Any CPU
		{34E8A37F-1A06-41A4-813D-BB44725A30EE}.Debug|x86.Build.0 = Debug|Any CPU
		{34E8A37F-1A06-41A4-813D-BB44725A30EE}.Release|Any CPU.ActiveCfg = Release|Any CPU
		{34E8A37F-1A06-41A4-813D-BB44725A30EE}.Release|Any CPU.Build.0 = Release|Any CPU
		{34E8A37F-1A06-41A4-813D-BB44725A30EE}.Release|x64.ActiveCfg = Release|Any CPU
		{34E8A37F-1A06-41A4-813D-BB44725A30EE}.Release|x64.Build.0 = Release|Any CPU
		{34E8A37F-1A06-41A4-813D-BB44725A30EE}.Release|x86.ActiveCfg = Release|Any CPU
		{34E8A37F-1A06-41A4-813D-BB44725A30EE}.Release|x86.Build.0 = Release|Any CPU
		{49C79508-D243-4E0E-9B07-218752284FFD}.Debug|Any CPU.ActiveCfg = Debug|Any CPU
		{49C79508-D243-4E0E-9B07-218752284FFD}.Debug|Any CPU.Build.0 = Debug|Any CPU
		{49C79508-D243-4E0E-9B07-218752284FFD}.Debug|x64.ActiveCfg = Debug|Any CPU
		{49C79508-D243-4E0E-9B07-218752284FFD}.Debug|x64.Build.0 = Debug|Any CPU
		{49C79508-D243-4E0E-9B07-218752284FFD}.Debug|x86.ActiveCfg = Debug|Any CPU
		{49C79508-D243-4E0E-9B07-218752284FFD}.Debug|x86.Build.0 = Debug|Any CPU
		{49C79508-D243-4E0E-9B07-218752284FFD}.Release|Any CPU.ActiveCfg = Release|Any CPU
		{49C79508-D243-4E0E-9B07-218752284FFD}.Release|Any CPU.Build.0 = Release|Any CPU
		{49C79508-D243-4E0E-9B07-218752284FFD}.Release|x64.ActiveCfg = Release|Any CPU
		{49C79508-D243-4E0E-9B07-218752284FFD}.Release|x64.Build.0 = Release|Any CPU
		{49C79508-D243-4E0E-9B07-218752284FFD}.Release|x86.ActiveCfg = Release|Any CPU
		{49C79508-D243-4E0E-9B07-218752284FFD}.Release|x86.Build.0 = Release|Any CPU
	EndGlobalSection
EndGlobal
